
Microsoft Visual Studio Solution File, Format Version 12.00
# Visual Studio Version 16
VisualStudioVersion = 16.0.32413.511
MinimumVisualStudioVersion = 10.0.40219.1
Project("{FAE04EC0-301F-11D3-BF4B-00C04F79EFBC}") = "Problem 1 - Secret Chat", "Problem 1 - Secret Chat\Problem 1 - Secret Chat.csproj", "{08FFC2C2-5D92-4EC5-9D81-A07C81A5CCEC}"
EndProject
Global
	GlobalSection(SolutionConfigurationPlatforms) = preSolution
		Debug|Any CPU = Debug|Any CPU
		Release|Any CPU = Release|Any CPU
	EndGlobalSection
	GlobalSection(ProjectConfigurationPlatforms) = postSolution
		{08FFC2C2-5D92-4EC5-9D81-A07C81A5CCEC}.Debug|Any CPU.ActiveCfg = Debug|Any CPU
		{08FFC2C2-5D92-4EC5-9D81-A07C81A5CCEC}.Debug|Any CPU.Build.0 = Debug|Any CPU
		{08FFC2C2-5D92-4EC5-9D81-A07C81A5CCEC}.Release|Any CPU.ActiveCfg = Release|Any CPU
		{08FFC2C2-5D92-4EC5-9D81-A07C81A5CCEC}.Release|Any CPU.Build.0 = Release|Any CPU
	EndGlobalSection
	GlobalSection(SolutionProperties) = preSolution
		HideSolutionNode = FALSE
	EndGlobalSection
	GlobalSection(ExtensibilityGlobals) = postSolution
		SolutionGuid = {5B5CA6B8-1717-49DF-8B90-38CC88B107A9}
	EndGlobalSection
EndGlobal
