
Microsoft Visual Studio Solution File, Format Version 12.00
# Visual Studio Version 16
VisualStudioVersion = 16.0.32802.440
MinimumVisualStudioVersion = 10.0.40219.1
Project("{FAE04EC0-301F-11D3-BF4B-00C04F79EFBC}") = "02. Encrypting Password", "02. Encrypting Password\02. Encrypting Password.csproj", "{34793CAF-7692-491E-ACDD-31527DA6F27E}"
EndProject
Global
	GlobalSection(SolutionConfigurationPlatforms) = preSolution
		Debug|Any CPU = Debug|Any CPU
		Release|Any CPU = Release|Any CPU
	EndGlobalSection
	GlobalSection(ProjectConfigurationPlatforms) = postSolution
		{34793CAF-7692-491E-ACDD-31527DA6F27E}.Debug|Any CPU.ActiveCfg = Debug|Any CPU
		{34793CAF-7692-491E-ACDD-31527DA6F27E}.Debug|Any CPU.Build.0 = Debug|Any CPU
		{34793CAF-7692-491E-ACDD-31527DA6F27E}.Release|Any CPU.ActiveCfg = Release|Any CPU
		{34793CAF-7692-491E-ACDD-31527DA6F27E}.Release|Any CPU.Build.0 = Release|Any CPU
	EndGlobalSection
	GlobalSection(SolutionProperties) = preSolution
		HideSolutionNode = FALSE
	EndGlobalSection
	GlobalSection(ExtensibilityGlobals) = postSolution
		SolutionGuid = {50301FDF-661B-4D26-B99B-02B462A5D594}
	EndGlobalSection
EndGlobal
