
Microsoft Visual Studio Solution File, Format Version 12.00
# Visual Studio Version 16
VisualStudioVersion = 16.0.32413.511
MinimumVisualStudioVersion = 10.0.40219.1
Project("{FAE04EC0-301F-11D3-BF4B-00C04F79EFBC}") = "2. Car Race", "2. Car Race\2. Car Race.csproj", "{CC2A659F-26EB-4299-9E6F-331A515B7CB9}"
EndProject
Global
	GlobalSection(SolutionConfigurationPlatforms) = preSolution
		Debug|Any CPU = Debug|Any CPU
		Release|Any CPU = Release|Any CPU
	EndGlobalSection
	GlobalSection(ProjectConfigurationPlatforms) = postSolution
		{CC2A659F-26EB-4299-9E6F-331A515B7CB9}.Debug|Any CPU.ActiveCfg = Debug|Any CPU
		{CC2A659F-26EB-4299-9E6F-331A515B7CB9}.Debug|Any CPU.Build.0 = Debug|Any CPU
		{CC2A659F-26EB-4299-9E6F-331A515B7CB9}.Release|Any CPU.ActiveCfg = Release|Any CPU
		{CC2A659F-26EB-4299-9E6F-331A515B7CB9}.Release|Any CPU.Build.0 = Release|Any CPU
	EndGlobalSection
	GlobalSection(SolutionProperties) = preSolution
		HideSolutionNode = FALSE
	EndGlobalSection
	GlobalSection(ExtensibilityGlobals) = postSolution
		SolutionGuid = {34AF7EA0-D2FB-45AE-8B2D-574DAD1ACBD1}
	EndGlobalSection
EndGlobal
