
Microsoft Visual Studio Solution File, Format Version 12.00
# Visual Studio Version 16
VisualStudioVersion = 16.0.32802.440
MinimumVisualStudioVersion = 10.0.40219.1
Project("{FAE04EC0-301F-11D3-BF4B-00C04F79EFBC}") = "3. Calculations", "3. Calculations\3. Calculations.csproj", "{3121F3A4-452B-4649-BA3F-79FBCF335ABC}"
EndProject
Global
	GlobalSection(SolutionConfigurationPlatforms) = preSolution
		Debug|Any CPU = Debug|Any CPU
		Release|Any CPU = Release|Any CPU
	EndGlobalSection
	GlobalSection(ProjectConfigurationPlatforms) = postSolution
		{3121F3A4-452B-4649-BA3F-79FBCF335ABC}.Debug|Any CPU.ActiveCfg = Debug|Any CPU
		{3121F3A4-452B-4649-BA3F-79FBCF335ABC}.Debug|Any CPU.Build.0 = Debug|Any CPU
		{3121F3A4-452B-4649-BA3F-79FBCF335ABC}.Release|Any CPU.ActiveCfg = Release|Any CPU
		{3121F3A4-452B-4649-BA3F-79FBCF335ABC}.Release|Any CPU.Build.0 = Release|Any CPU
	EndGlobalSection
	GlobalSection(SolutionProperties) = preSolution
		HideSolutionNode = FALSE
	EndGlobalSection
	GlobalSection(ExtensibilityGlobals) = postSolution
		SolutionGuid = {EDF17DBE-C1D3-426E-89E1-26FE3059525B}
	EndGlobalSection
EndGlobal
