
Microsoft Visual Studio Solution File, Format Version 12.00
# Visual Studio Version 16
VisualStudioVersion = 16.0.32802.440
MinimumVisualStudioVersion = 10.0.40219.1
Project("{FAE04EC0-301F-11D3-BF4B-00C04F79EFBC}") = "2. Articles", "2. Articles\2. Articles.csproj", "{101F4BFA-8F06-4330-89E3-B354AC25896F}"
EndProject
Global
	GlobalSection(SolutionConfigurationPlatforms) = preSolution
		Debug|Any CPU = Debug|Any CPU
		Release|Any CPU = Release|Any CPU
	EndGlobalSection
	GlobalSection(ProjectConfigurationPlatforms) = postSolution
		{101F4BFA-8F06-4330-89E3-B354AC25896F}.Debug|Any CPU.ActiveCfg = Debug|Any CPU
		{101F4BFA-8F06-4330-89E3-B354AC25896F}.Debug|Any CPU.Build.0 = Debug|Any CPU
		{101F4BFA-8F06-4330-89E3-B354AC25896F}.Release|Any CPU.ActiveCfg = Release|Any CPU
		{101F4BFA-8F06-4330-89E3-B354AC25896F}.Release|Any CPU.Build.0 = Release|Any CPU
	EndGlobalSection
	GlobalSection(SolutionProperties) = preSolution
		HideSolutionNode = FALSE
	EndGlobalSection
	GlobalSection(ExtensibilityGlobals) = postSolution
		SolutionGuid = {8E559540-EB91-4893-B8FD-411BD5B03048}
	EndGlobalSection
EndGlobal
