
Microsoft Visual Studio Solution File, Format Version 12.00
# Visual Studio Version 16
VisualStudioVersion = 16.0.32802.440
MinimumVisualStudioVersion = 10.0.40219.1
Project("{FAE04EC0-301F-11D3-BF4B-00C04F79EFBC}") = "1. Data Types", "1. Data Types\1. Data Types.csproj", "{EA2E7D63-2284-417B-8D27-53158F9D4336}"
EndProject
Global
	GlobalSection(SolutionConfigurationPlatforms) = preSolution
		Debug|Any CPU = Debug|Any CPU
		Release|Any CPU = Release|Any CPU
	EndGlobalSection
	GlobalSection(ProjectConfigurationPlatforms) = postSolution
		{EA2E7D63-2284-417B-8D27-53158F9D4336}.Debug|Any CPU.ActiveCfg = Debug|Any CPU
		{EA2E7D63-2284-417B-8D27-53158F9D4336}.Debug|Any CPU.Build.0 = Debug|Any CPU
		{EA2E7D63-2284-417B-8D27-53158F9D4336}.Release|Any CPU.ActiveCfg = Release|Any CPU
		{EA2E7D63-2284-417B-8D27-53158F9D4336}.Release|Any CPU.Build.0 = Release|Any CPU
	EndGlobalSection
	GlobalSection(SolutionProperties) = preSolution
		HideSolutionNode = FALSE
	EndGlobalSection
	GlobalSection(ExtensibilityGlobals) = postSolution
		SolutionGuid = {6A769EC5-D840-450D-8FFA-B3E15CA2A267}
	EndGlobalSection
EndGlobal
