
Microsoft Visual Studio Solution File, Format Version 12.00
# Visual Studio Version 16
VisualStudioVersion = 16.0.32802.440
MinimumVisualStudioVersion = 10.0.40219.1
Project("{FAE04EC0-301F-11D3-BF4B-00C04F79EFBC}") = "5. Multiply Big Number", "5. Multiply Big Number\5. Multiply Big Number.csproj", "{A500D599-D085-4C96-95E3-67555052C72A}"
EndProject
Global
	GlobalSection(SolutionConfigurationPlatforms) = preSolution
		Debug|Any CPU = Debug|Any CPU
		Release|Any CPU = Release|Any CPU
	EndGlobalSection
	GlobalSection(ProjectConfigurationPlatforms) = postSolution
		{A500D599-D085-4C96-95E3-67555052C72A}.Debug|Any CPU.ActiveCfg = Debug|Any CPU
		{A500D599-D085-4C96-95E3-67555052C72A}.Debug|Any CPU.Build.0 = Debug|Any CPU
		{A500D599-D085-4C96-95E3-67555052C72A}.Release|Any CPU.ActiveCfg = Release|Any CPU
		{A500D599-D085-4C96-95E3-67555052C72A}.Release|Any CPU.Build.0 = Release|Any CPU
	EndGlobalSection
	GlobalSection(SolutionProperties) = preSolution
		HideSolutionNode = FALSE
	EndGlobalSection
	GlobalSection(ExtensibilityGlobals) = postSolution
		SolutionGuid = {027745B9-E575-4682-9343-23A435CBD277}
	EndGlobalSection
EndGlobal
