
Microsoft Visual Studio Solution File, Format Version 12.00
# Visual Studio Version 16
VisualStudioVersion = 16.0.32413.511
MinimumVisualStudioVersion = 10.0.40219.1
Project("{FAE04EC0-301F-11D3-BF4B-00C04F79EFBC}") = "6. Middle Characters", "6. Middle Characters\6. Middle Characters.csproj", "{2E31848D-8FB9-4C9F-8200-1CDCCA53F51A}"
EndProject
Global
	GlobalSection(SolutionConfigurationPlatforms) = preSolution
		Debug|Any CPU = Debug|Any CPU
		Release|Any CPU = Release|Any CPU
	EndGlobalSection
	GlobalSection(ProjectConfigurationPlatforms) = postSolution
		{2E31848D-8FB9-4C9F-8200-1CDCCA53F51A}.Debug|Any CPU.ActiveCfg = Debug|Any CPU
		{2E31848D-8FB9-4C9F-8200-1CDCCA53F51A}.Debug|Any CPU.Build.0 = Debug|Any CPU
		{2E31848D-8FB9-4C9F-8200-1CDCCA53F51A}.Release|Any CPU.ActiveCfg = Release|Any CPU
		{2E31848D-8FB9-4C9F-8200-1CDCCA53F51A}.Release|Any CPU.Build.0 = Release|Any CPU
	EndGlobalSection
	GlobalSection(SolutionProperties) = preSolution
		HideSolutionNode = FALSE
	EndGlobalSection
	GlobalSection(ExtensibilityGlobals) = postSolution
		SolutionGuid = {E6ABA9B2-A124-46AB-9ECB-2B042F5C122E}
	EndGlobalSection
EndGlobal
