
Microsoft Visual Studio Solution File, Format Version 12.00
# Visual Studio Version 16
VisualStudioVersion = 16.0.32802.440
MinimumVisualStudioVersion = 10.0.40219.1
Project("{FAE04EC0-301F-11D3-BF4B-00C04F79EFBC}") = "3. Treasure Finder", "3. Treasure Finder\3. Treasure Finder.csproj", "{F020F48B-F588-4002-AA9D-E5CE3FF1EBBC}"
EndProject
Global
	GlobalSection(SolutionConfigurationPlatforms) = preSolution
		Debug|Any CPU = Debug|Any CPU
		Release|Any CPU = Release|Any CPU
	EndGlobalSection
	GlobalSection(ProjectConfigurationPlatforms) = postSolution
		{F020F48B-F588-4002-AA9D-E5CE3FF1EBBC}.Debug|Any CPU.ActiveCfg = Debug|Any CPU
		{F020F48B-F588-4002-AA9D-E5CE3FF1EBBC}.Debug|Any CPU.Build.0 = Debug|Any CPU
		{F020F48B-F588-4002-AA9D-E5CE3FF1EBBC}.Release|Any CPU.ActiveCfg = Release|Any CPU
		{F020F48B-F588-4002-AA9D-E5CE3FF1EBBC}.Release|Any CPU.Build.0 = Release|Any CPU
	EndGlobalSection
	GlobalSection(SolutionProperties) = preSolution
		HideSolutionNode = FALSE
	EndGlobalSection
	GlobalSection(ExtensibilityGlobals) = postSolution
		SolutionGuid = {3228F851-8377-4A2D-BD56-2A06F75701EB}
	EndGlobalSection
EndGlobal
