
Microsoft Visual Studio Solution File, Format Version 12.00
# Visual Studio Version 16
VisualStudioVersion = 16.0.32802.440
MinimumVisualStudioVersion = 10.0.40219.1
Project("{FAE04EC0-301F-11D3-BF4B-00C04F79EFBC}") = "6. Student Academy", "6. Student Academy\6. Student Academy.csproj", "{F25B3753-DF32-44FE-BBBD-AA8FF32659F8}"
EndProject
Global
	GlobalSection(SolutionConfigurationPlatforms) = preSolution
		Debug|Any CPU = Debug|Any CPU
		Release|Any CPU = Release|Any CPU
	EndGlobalSection
	GlobalSection(ProjectConfigurationPlatforms) = postSolution
		{F25B3753-DF32-44FE-BBBD-AA8FF32659F8}.Debug|Any CPU.ActiveCfg = Debug|Any CPU
		{F25B3753-DF32-44FE-BBBD-AA8FF32659F8}.Debug|Any CPU.Build.0 = Debug|Any CPU
		{F25B3753-DF32-44FE-BBBD-AA8FF32659F8}.Release|Any CPU.ActiveCfg = Release|Any CPU
		{F25B3753-DF32-44FE-BBBD-AA8FF32659F8}.Release|Any CPU.Build.0 = Release|Any CPU
	EndGlobalSection
	GlobalSection(SolutionProperties) = preSolution
		HideSolutionNode = FALSE
	EndGlobalSection
	GlobalSection(ExtensibilityGlobals) = postSolution
		SolutionGuid = {44E90F6F-3724-4857-AD55-8F5F7B9CFFB9}
	EndGlobalSection
EndGlobal
