
Microsoft Visual Studio Solution File, Format Version 12.00
# Visual Studio Version 16
VisualStudioVersion = 16.0.32413.511
MinimumVisualStudioVersion = 10.0.40219.1
Project("{FAE04EC0-301F-11D3-BF4B-00C04F79EFBC}") = "Problem 3 - The Pianist", "Problem 3 - The Pianist\Problem 3 - The Pianist.csproj", "{B9B651F0-3521-4360-B0E9-57939A2F350F}"
EndProject
Global
	GlobalSection(SolutionConfigurationPlatforms) = preSolution
		Debug|Any CPU = Debug|Any CPU
		Release|Any CPU = Release|Any CPU
	EndGlobalSection
	GlobalSection(ProjectConfigurationPlatforms) = postSolution
		{B9B651F0-3521-4360-B0E9-57939A2F350F}.Debug|Any CPU.ActiveCfg = Debug|Any CPU
		{B9B651F0-3521-4360-B0E9-57939A2F350F}.Debug|Any CPU.Build.0 = Debug|Any CPU
		{B9B651F0-3521-4360-B0E9-57939A2F350F}.Release|Any CPU.ActiveCfg = Release|Any CPU
		{B9B651F0-3521-4360-B0E9-57939A2F350F}.Release|Any CPU.Build.0 = Release|Any CPU
	EndGlobalSection
	GlobalSection(SolutionProperties) = preSolution
		HideSolutionNode = FALSE
	EndGlobalSection
	GlobalSection(ExtensibilityGlobals) = postSolution
		SolutionGuid = {A7754C5A-C414-41DE-83E8-00C3F3FBED98}
	EndGlobalSection
EndGlobal
