
Microsoft Visual Studio Solution File, Format Version 12.00
# Visual Studio Version 16
VisualStudioVersion = 16.0.32802.440
MinimumVisualStudioVersion = 10.0.40219.1
Project("{FAE04EC0-301F-11D3-BF4B-00C04F79EFBC}") = "01. The Hunting Games", "01. The Hunting Games\01. The Hunting Games.csproj", "{EEEAAAEA-0518-4471-AA3C-168D94768C63}"
EndProject
Global
	GlobalSection(SolutionConfigurationPlatforms) = preSolution
		Debug|Any CPU = Debug|Any CPU
		Release|Any CPU = Release|Any CPU
	EndGlobalSection
	GlobalSection(ProjectConfigurationPlatforms) = postSolution
		{EEEAAAEA-0518-4471-AA3C-168D94768C63}.Debug|Any CPU.ActiveCfg = Debug|Any CPU
		{EEEAAAEA-0518-4471-AA3C-168D94768C63}.Debug|Any CPU.Build.0 = Debug|Any CPU
		{EEEAAAEA-0518-4471-AA3C-168D94768C63}.Release|Any CPU.ActiveCfg = Release|Any CPU
		{EEEAAAEA-0518-4471-AA3C-168D94768C63}.Release|Any CPU.Build.0 = Release|Any CPU
	EndGlobalSection
	GlobalSection(SolutionProperties) = preSolution
		HideSolutionNode = FALSE
	EndGlobalSection
	GlobalSection(ExtensibilityGlobals) = postSolution
		SolutionGuid = {05E481F3-8434-4468-8CA8-90E0712A7CC1}
	EndGlobalSection
EndGlobal
