
Microsoft Visual Studio Solution File, Format Version 12.00
# Visual Studio Version 16
VisualStudioVersion = 16.0.32413.511
MinimumVisualStudioVersion = 10.0.40219.1
Project("{FAE04EC0-301F-11D3-BF4B-00C04F79EFBC}") = "1. Messaging", "1. Messaging\1. Messaging.csproj", "{F4E74618-A6FC-4ACB-9C05-AA3E96225C9E}"
EndProject
Global
	GlobalSection(SolutionConfigurationPlatforms) = preSolution
		Debug|Any CPU = Debug|Any CPU
		Release|Any CPU = Release|Any CPU
	EndGlobalSection
	GlobalSection(ProjectConfigurationPlatforms) = postSolution
		{F4E74618-A6FC-4ACB-9C05-AA3E96225C9E}.Debug|Any CPU.ActiveCfg = Debug|Any CPU
		{F4E74618-A6FC-4ACB-9C05-AA3E96225C9E}.Debug|Any CPU.Build.0 = Debug|Any CPU
		{F4E74618-A6FC-4ACB-9C05-AA3E96225C9E}.Release|Any CPU.ActiveCfg = Release|Any CPU
		{F4E74618-A6FC-4ACB-9C05-AA3E96225C9E}.Release|Any CPU.Build.0 = Release|Any CPU
	EndGlobalSection
	GlobalSection(SolutionProperties) = preSolution
		HideSolutionNode = FALSE
	EndGlobalSection
	GlobalSection(ExtensibilityGlobals) = postSolution
		SolutionGuid = {A6350BC3-55BE-421B-8D0A-7FCB232A05B8}
	EndGlobalSection
EndGlobal
