
Microsoft Visual Studio Solution File, Format Version 12.00
# Visual Studio Version 16
VisualStudioVersion = 16.0.32413.511
MinimumVisualStudioVersion = 10.0.40219.1
Project("{FAE04EC0-301F-11D3-BF4B-00C04F79EFBC}") = "7. Max Sequence of Equal Elements", "7. Max Sequence of Equal Elements\7. Max Sequence of Equal Elements.csproj", "{004F0885-D878-4C51-9787-84F580D81783}"
EndProject
Global
	GlobalSection(SolutionConfigurationPlatforms) = preSolution
		Debug|Any CPU = Debug|Any CPU
		Release|Any CPU = Release|Any CPU
	EndGlobalSection
	GlobalSection(ProjectConfigurationPlatforms) = postSolution
		{004F0885-D878-4C51-9787-84F580D81783}.Debug|Any CPU.ActiveCfg = Debug|Any CPU
		{004F0885-D878-4C51-9787-84F580D81783}.Debug|Any CPU.Build.0 = Debug|Any CPU
		{004F0885-D878-4C51-9787-84F580D81783}.Release|Any CPU.ActiveCfg = Release|Any CPU
		{004F0885-D878-4C51-9787-84F580D81783}.Release|Any CPU.Build.0 = Release|Any CPU
	EndGlobalSection
	GlobalSection(SolutionProperties) = preSolution
		HideSolutionNode = FALSE
	EndGlobalSection
	GlobalSection(ExtensibilityGlobals) = postSolution
		SolutionGuid = {08D10894-7DF4-4A09-BFC5-F9241F039962}
	EndGlobalSection
EndGlobal
