
Microsoft Visual Studio Solution File, Format Version 12.00
# Visual Studio Version 16
VisualStudioVersion = 16.0.32413.511
MinimumVisualStudioVersion = 10.0.40219.1
Project("{FAE04EC0-301F-11D3-BF4B-00C04F79EFBC}") = "9. Palindrome Integers", "9. Palindrome Integers\9. Palindrome Integers.csproj", "{EE60245F-22F0-4521-9A45-37E38FA5DCDB}"
EndProject
Global
	GlobalSection(SolutionConfigurationPlatforms) = preSolution
		Debug|Any CPU = Debug|Any CPU
		Release|Any CPU = Release|Any CPU
	EndGlobalSection
	GlobalSection(ProjectConfigurationPlatforms) = postSolution
		{EE60245F-22F0-4521-9A45-37E38FA5DCDB}.Debug|Any CPU.ActiveCfg = Debug|Any CPU
		{EE60245F-22F0-4521-9A45-37E38FA5DCDB}.Debug|Any CPU.Build.0 = Debug|Any CPU
		{EE60245F-22F0-4521-9A45-37E38FA5DCDB}.Release|Any CPU.ActiveCfg = Release|Any CPU
		{EE60245F-22F0-4521-9A45-37E38FA5DCDB}.Release|Any CPU.Build.0 = Release|Any CPU
	EndGlobalSection
	GlobalSection(SolutionProperties) = preSolution
		HideSolutionNode = FALSE
	EndGlobalSection
	GlobalSection(ExtensibilityGlobals) = postSolution
		SolutionGuid = {73E6299B-C9C4-475B-9F3B-C9AE1507DAC9}
	EndGlobalSection
EndGlobal
