
Microsoft Visual Studio Solution File, Format Version 12.00
# Visual Studio Version 16
VisualStudioVersion = 16.0.32413.511
MinimumVisualStudioVersion = 10.0.40219.1
Project("{FAE04EC0-301F-11D3-BF4B-00C04F79EFBC}") = "4. Password Validator", "4. Password Validator\4. Password Validator.csproj", "{CC23EFE5-31D4-4900-9309-53A3501B1353}"
EndProject
Global
	GlobalSection(SolutionConfigurationPlatforms) = preSolution
		Debug|Any CPU = Debug|Any CPU
		Release|Any CPU = Release|Any CPU
	EndGlobalSection
	GlobalSection(ProjectConfigurationPlatforms) = postSolution
		{CC23EFE5-31D4-4900-9309-53A3501B1353}.Debug|Any CPU.ActiveCfg = Debug|Any CPU
		{CC23EFE5-31D4-4900-9309-53A3501B1353}.Debug|Any CPU.Build.0 = Debug|Any CPU
		{CC23EFE5-31D4-4900-9309-53A3501B1353}.Release|Any CPU.ActiveCfg = Release|Any CPU
		{CC23EFE5-31D4-4900-9309-53A3501B1353}.Release|Any CPU.Build.0 = Release|Any CPU
	EndGlobalSection
	GlobalSection(SolutionProperties) = preSolution
		HideSolutionNode = FALSE
	EndGlobalSection
	GlobalSection(ExtensibilityGlobals) = postSolution
		SolutionGuid = {A5EAC258-7BC6-4732-9348-A454B43797ED}
	EndGlobalSection
EndGlobal
