
Microsoft Visual Studio Solution File, Format Version 12.00
# Visual Studio Version 16
VisualStudioVersion = 16.0.32802.440
MinimumVisualStudioVersion = 10.0.40219.1
Project("{FAE04EC0-301F-11D3-BF4B-00C04F79EFBC}") = "5. Remove Negatives and Reverse", "5. Remove Negatives and Reverse\5. Remove Negatives and Reverse.csproj", "{2799E055-BC92-418B-8156-F3748EAB3467}"
EndProject
Global
	GlobalSection(SolutionConfigurationPlatforms) = preSolution
		Debug|Any CPU = Debug|Any CPU
		Release|Any CPU = Release|Any CPU
	EndGlobalSection
	GlobalSection(ProjectConfigurationPlatforms) = postSolution
		{2799E055-BC92-418B-8156-F3748EAB3467}.Debug|Any CPU.ActiveCfg = Debug|Any CPU
		{2799E055-BC92-418B-8156-F3748EAB3467}.Debug|Any CPU.Build.0 = Debug|Any CPU
		{2799E055-BC92-418B-8156-F3748EAB3467}.Release|Any CPU.ActiveCfg = Release|Any CPU
		{2799E055-BC92-418B-8156-F3748EAB3467}.Release|Any CPU.Build.0 = Release|Any CPU
	EndGlobalSection
	GlobalSection(SolutionProperties) = preSolution
		HideSolutionNode = FALSE
	EndGlobalSection
	GlobalSection(ExtensibilityGlobals) = postSolution
		SolutionGuid = {D861E65E-BC1A-4BC6-8EB5-A43DE230C0F6}
	EndGlobalSection
EndGlobal
