
Microsoft Visual Studio Solution File, Format Version 12.00
# Visual Studio Version 16
VisualStudioVersion = 16.0.32802.440
MinimumVisualStudioVersion = 10.0.40219.1
Project("{FAE04EC0-301F-11D3-BF4B-00C04F79EFBC}") = "7. Repeat String", "7. Repeat String\7. Repeat String.csproj", "{B7818D4E-C59D-4DAE-9BD0-AECBF105362B}"
EndProject
Global
	GlobalSection(SolutionConfigurationPlatforms) = preSolution
		Debug|Any CPU = Debug|Any CPU
		Release|Any CPU = Release|Any CPU
	EndGlobalSection
	GlobalSection(ProjectConfigurationPlatforms) = postSolution
		{B7818D4E-C59D-4DAE-9BD0-AECBF105362B}.Debug|Any CPU.ActiveCfg = Debug|Any CPU
		{B7818D4E-C59D-4DAE-9BD0-AECBF105362B}.Debug|Any CPU.Build.0 = Debug|Any CPU
		{B7818D4E-C59D-4DAE-9BD0-AECBF105362B}.Release|Any CPU.ActiveCfg = Release|Any CPU
		{B7818D4E-C59D-4DAE-9BD0-AECBF105362B}.Release|Any CPU.Build.0 = Release|Any CPU
	EndGlobalSection
	GlobalSection(SolutionProperties) = preSolution
		HideSolutionNode = FALSE
	EndGlobalSection
	GlobalSection(ExtensibilityGlobals) = postSolution
		SolutionGuid = {0C8CBCD5-37C8-4053-9781-B0BC30BA682D}
	EndGlobalSection
EndGlobal
