
Microsoft Visual Studio Solution File, Format Version 12.00
# Visual Studio Version 16
VisualStudioVersion = 16.0.32802.440
MinimumVisualStudioVersion = 10.0.40219.1
Project("{FAE04EC0-301F-11D3-BF4B-00C04F79EFBC}") = "4. Word Filter", "4. Word Filter\4. Word Filter.csproj", "{444CFD16-DAFC-40A3-BA96-39BEEAC386DF}"
EndProject
Global
	GlobalSection(SolutionConfigurationPlatforms) = preSolution
		Debug|Any CPU = Debug|Any CPU
		Release|Any CPU = Release|Any CPU
	EndGlobalSection
	GlobalSection(ProjectConfigurationPlatforms) = postSolution
		{444CFD16-DAFC-40A3-BA96-39BEEAC386DF}.Debug|Any CPU.ActiveCfg = Debug|Any CPU
		{444CFD16-DAFC-40A3-BA96-39BEEAC386DF}.Debug|Any CPU.Build.0 = Debug|Any CPU
		{444CFD16-DAFC-40A3-BA96-39BEEAC386DF}.Release|Any CPU.ActiveCfg = Release|Any CPU
		{444CFD16-DAFC-40A3-BA96-39BEEAC386DF}.Release|Any CPU.Build.0 = Release|Any CPU
	EndGlobalSection
	GlobalSection(SolutionProperties) = preSolution
		HideSolutionNode = FALSE
	EndGlobalSection
	GlobalSection(ExtensibilityGlobals) = postSolution
		SolutionGuid = {21085BA1-941B-455E-96A0-B88FCDF1A8CB}
	EndGlobalSection
EndGlobal
