
Microsoft Visual Studio Solution File, Format Version 12.00
# Visual Studio Version 16
VisualStudioVersion = 16.0.32413.511
MinimumVisualStudioVersion = 10.0.40219.1
Project("{FAE04EC0-301F-11D3-BF4B-00C04F79EFBC}") = "1. Train", "1. Train\1. Train.csproj", "{E06B55BB-4FFB-47BD-A06C-E6E29A4734A5}"
EndProject
Global
	GlobalSection(SolutionConfigurationPlatforms) = preSolution
		Debug|Any CPU = Debug|Any CPU
		Release|Any CPU = Release|Any CPU
	EndGlobalSection
	GlobalSection(ProjectConfigurationPlatforms) = postSolution
		{E06B55BB-4FFB-47BD-A06C-E6E29A4734A5}.Debug|Any CPU.ActiveCfg = Debug|Any CPU
		{E06B55BB-4FFB-47BD-A06C-E6E29A4734A5}.Debug|Any CPU.Build.0 = Debug|Any CPU
		{E06B55BB-4FFB-47BD-A06C-E6E29A4734A5}.Release|Any CPU.ActiveCfg = Release|Any CPU
		{E06B55BB-4FFB-47BD-A06C-E6E29A4734A5}.Release|Any CPU.Build.0 = Release|Any CPU
	EndGlobalSection
	GlobalSection(SolutionProperties) = preSolution
		HideSolutionNode = FALSE
	EndGlobalSection
	GlobalSection(ExtensibilityGlobals) = postSolution
		SolutionGuid = {0090B476-2B9B-43FC-A5CC-4EB0DF7C5F26}
	EndGlobalSection
EndGlobal
