
Microsoft Visual Studio Solution File, Format Version 12.00
# Visual Studio Version 16
VisualStudioVersion = 16.0.32413.511
MinimumVisualStudioVersion = 10.0.40219.1
Project("{FAE04EC0-301F-11D3-BF4B-00C04F79EFBC}") = "Santa’s New List", "Santa’s New List\Santa’s New List.csproj", "{424CEF78-1D21-44F8-BBE6-3EE632FC8D7C}"
EndProject
Global
	GlobalSection(SolutionConfigurationPlatforms) = preSolution
		Debug|Any CPU = Debug|Any CPU
		Release|Any CPU = Release|Any CPU
	EndGlobalSection
	GlobalSection(ProjectConfigurationPlatforms) = postSolution
		{424CEF78-1D21-44F8-BBE6-3EE632FC8D7C}.Debug|Any CPU.ActiveCfg = Debug|Any CPU
		{424CEF78-1D21-44F8-BBE6-3EE632FC8D7C}.Debug|Any CPU.Build.0 = Debug|Any CPU
		{424CEF78-1D21-44F8-BBE6-3EE632FC8D7C}.Release|Any CPU.ActiveCfg = Release|Any CPU
		{424CEF78-1D21-44F8-BBE6-3EE632FC8D7C}.Release|Any CPU.Build.0 = Release|Any CPU
	EndGlobalSection
	GlobalSection(SolutionProperties) = preSolution
		HideSolutionNode = FALSE
	EndGlobalSection
	GlobalSection(ExtensibilityGlobals) = postSolution
		SolutionGuid = {A2FC4A55-0D1A-4864-AF65-F285D9130F01}
	EndGlobalSection
EndGlobal
