
Microsoft Visual Studio Solution File, Format Version 12.00
# Visual Studio Version 16
VisualStudioVersion = 16.0.32802.440
MinimumVisualStudioVersion = 10.0.40219.1
Project("{FAE04EC0-301F-11D3-BF4B-00C04F79EFBC}") = "02. Coffee Lover", "02. Coffee Lover\02. Coffee Lover.csproj", "{06B3845F-9EEC-4BCD-BDC4-86587B696219}"
EndProject
Global
	GlobalSection(SolutionConfigurationPlatforms) = preSolution
		Debug|Any CPU = Debug|Any CPU
		Release|Any CPU = Release|Any CPU
	EndGlobalSection
	GlobalSection(ProjectConfigurationPlatforms) = postSolution
		{06B3845F-9EEC-4BCD-BDC4-86587B696219}.Debug|Any CPU.ActiveCfg = Debug|Any CPU
		{06B3845F-9EEC-4BCD-BDC4-86587B696219}.Debug|Any CPU.Build.0 = Debug|Any CPU
		{06B3845F-9EEC-4BCD-BDC4-86587B696219}.Release|Any CPU.ActiveCfg = Release|Any CPU
		{06B3845F-9EEC-4BCD-BDC4-86587B696219}.Release|Any CPU.Build.0 = Release|Any CPU
	EndGlobalSection
	GlobalSection(SolutionProperties) = preSolution
		HideSolutionNode = FALSE
	EndGlobalSection
	GlobalSection(ExtensibilityGlobals) = postSolution
		SolutionGuid = {8A77C233-A9D4-4E9E-85E4-2EEBD805C0B5}
	EndGlobalSection
EndGlobal
