
Microsoft Visual Studio Solution File, Format Version 12.00
# Visual Studio Version 16
VisualStudioVersion = 16.0.32802.440
MinimumVisualStudioVersion = 10.0.40219.1
Project("{FAE04EC0-301F-11D3-BF4B-00C04F79EFBC}") = "3. Substring", "3. Substring\3. Substring.csproj", "{67E4ADB2-3AEE-487C-9126-5C1195D95A40}"
EndProject
Global
	GlobalSection(SolutionConfigurationPlatforms) = preSolution
		Debug|Any CPU = Debug|Any CPU
		Release|Any CPU = Release|Any CPU
	EndGlobalSection
	GlobalSection(ProjectConfigurationPlatforms) = postSolution
		{67E4ADB2-3AEE-487C-9126-5C1195D95A40}.Debug|Any CPU.ActiveCfg = Debug|Any CPU
		{67E4ADB2-3AEE-487C-9126-5C1195D95A40}.Debug|Any CPU.Build.0 = Debug|Any CPU
		{67E4ADB2-3AEE-487C-9126-5C1195D95A40}.Release|Any CPU.ActiveCfg = Release|Any CPU
		{67E4ADB2-3AEE-487C-9126-5C1195D95A40}.Release|Any CPU.Build.0 = Release|Any CPU
	EndGlobalSection
	GlobalSection(SolutionProperties) = preSolution
		HideSolutionNode = FALSE
	EndGlobalSection
	GlobalSection(ExtensibilityGlobals) = postSolution
		SolutionGuid = {D38DBE2D-5BEA-456A-8C2A-D6272CE364C0}
	EndGlobalSection
EndGlobal
