
Microsoft Visual Studio Solution File, Format Version 12.00
# Visual Studio Version 16
VisualStudioVersion = 16.0.32802.440
MinimumVisualStudioVersion = 10.0.40219.1
Project("{FAE04EC0-301F-11D3-BF4B-00C04F79EFBC}") = "4. Tribonacci Sequence", "4. Tribonacci Sequence\4. Tribonacci Sequence.csproj", "{BA0623E8-C3BC-48CB-8B4F-BF4A2E014D02}"
EndProject
Global
	GlobalSection(SolutionConfigurationPlatforms) = preSolution
		Debug|Any CPU = Debug|Any CPU
		Release|Any CPU = Release|Any CPU
	EndGlobalSection
	GlobalSection(ProjectConfigurationPlatforms) = postSolution
		{BA0623E8-C3BC-48CB-8B4F-BF4A2E014D02}.Debug|Any CPU.ActiveCfg = Debug|Any CPU
		{BA0623E8-C3BC-48CB-8B4F-BF4A2E014D02}.Debug|Any CPU.Build.0 = Debug|Any CPU
		{BA0623E8-C3BC-48CB-8B4F-BF4A2E014D02}.Release|Any CPU.ActiveCfg = Release|Any CPU
		{BA0623E8-C3BC-48CB-8B4F-BF4A2E014D02}.Release|Any CPU.Build.0 = Release|Any CPU
	EndGlobalSection
	GlobalSection(SolutionProperties) = preSolution
		HideSolutionNode = FALSE
	EndGlobalSection
	GlobalSection(ExtensibilityGlobals) = postSolution
		SolutionGuid = {70F34F1F-C807-4D04-9DD1-5498D312B0C4}
	EndGlobalSection
EndGlobal
