
Microsoft Visual Studio Solution File, Format Version 12.00
# Visual Studio Version 16
VisualStudioVersion = 16.0.32802.440
MinimumVisualStudioVersion = 10.0.40219.1
Project("{FAE04EC0-301F-11D3-BF4B-00C04F79EFBC}") = "1. Train", "1. Train\1. Train.csproj", "{69DD35EE-DFE3-42B7-A4A7-4C43BADCC74B}"
EndProject
Global
	GlobalSection(SolutionConfigurationPlatforms) = preSolution
		Debug|Any CPU = Debug|Any CPU
		Release|Any CPU = Release|Any CPU
	EndGlobalSection
	GlobalSection(ProjectConfigurationPlatforms) = postSolution
		{69DD35EE-DFE3-42B7-A4A7-4C43BADCC74B}.Debug|Any CPU.ActiveCfg = Debug|Any CPU
		{69DD35EE-DFE3-42B7-A4A7-4C43BADCC74B}.Debug|Any CPU.Build.0 = Debug|Any CPU
		{69DD35EE-DFE3-42B7-A4A7-4C43BADCC74B}.Release|Any CPU.ActiveCfg = Release|Any CPU
		{69DD35EE-DFE3-42B7-A4A7-4C43BADCC74B}.Release|Any CPU.Build.0 = Release|Any CPU
	EndGlobalSection
	GlobalSection(SolutionProperties) = preSolution
		HideSolutionNode = FALSE
	EndGlobalSection
	GlobalSection(ExtensibilityGlobals) = postSolution
		SolutionGuid = {7CCB38C4-DD88-4998-83E9-8246064A8025}
	EndGlobalSection
EndGlobal
