
Microsoft Visual Studio Solution File, Format Version 12.00
# Visual Studio Version 16
VisualStudioVersion = 16.0.32802.440
MinimumVisualStudioVersion = 10.0.40219.1
Project("{FAE04EC0-301F-11D3-BF4B-00C04F79EFBC}") = "2. Big Factorial", "2. Big Factorial\2. Big Factorial.csproj", "{951DF525-56FC-49E7-BBCD-25BE079CB506}"
EndProject
Global
	GlobalSection(SolutionConfigurationPlatforms) = preSolution
		Debug|Any CPU = Debug|Any CPU
		Release|Any CPU = Release|Any CPU
	EndGlobalSection
	GlobalSection(ProjectConfigurationPlatforms) = postSolution
		{951DF525-56FC-49E7-BBCD-25BE079CB506}.Debug|Any CPU.ActiveCfg = Debug|Any CPU
		{951DF525-56FC-49E7-BBCD-25BE079CB506}.Debug|Any CPU.Build.0 = Debug|Any CPU
		{951DF525-56FC-49E7-BBCD-25BE079CB506}.Release|Any CPU.ActiveCfg = Release|Any CPU
		{951DF525-56FC-49E7-BBCD-25BE079CB506}.Release|Any CPU.Build.0 = Release|Any CPU
	EndGlobalSection
	GlobalSection(SolutionProperties) = preSolution
		HideSolutionNode = FALSE
	EndGlobalSection
	GlobalSection(ExtensibilityGlobals) = postSolution
		SolutionGuid = {5A85393C-E0A9-41E9-AB63-D593187AFCEE}
	EndGlobalSection
EndGlobal
