
Microsoft Visual Studio Solution File, Format Version 12.00
# Visual Studio Version 16
VisualStudioVersion = 16.0.32802.440
MinimumVisualStudioVersion = 10.0.40219.1
Project("{FAE04EC0-301F-11D3-BF4B-00C04F79EFBC}") = "2. Oldest Family Member", "2. Oldest Family Member\2. Oldest Family Member.csproj", "{FF1DD1AA-6C53-4DAB-A0DD-E8647FD0C07E}"
EndProject
Global
	GlobalSection(SolutionConfigurationPlatforms) = preSolution
		Debug|Any CPU = Debug|Any CPU
		Release|Any CPU = Release|Any CPU
	EndGlobalSection
	GlobalSection(ProjectConfigurationPlatforms) = postSolution
		{FF1DD1AA-6C53-4DAB-A0DD-E8647FD0C07E}.Debug|Any CPU.ActiveCfg = Debug|Any CPU
		{FF1DD1AA-6C53-4DAB-A0DD-E8647FD0C07E}.Debug|Any CPU.Build.0 = Debug|Any CPU
		{FF1DD1AA-6C53-4DAB-A0DD-E8647FD0C07E}.Release|Any CPU.ActiveCfg = Release|Any CPU
		{FF1DD1AA-6C53-4DAB-A0DD-E8647FD0C07E}.Release|Any CPU.Build.0 = Release|Any CPU
	EndGlobalSection
	GlobalSection(SolutionProperties) = preSolution
		HideSolutionNode = FALSE
	EndGlobalSection
	GlobalSection(ExtensibilityGlobals) = postSolution
		SolutionGuid = {4D1B1BB0-6697-47BA-8566-3F6248A63B93}
	EndGlobalSection
EndGlobal
