
Microsoft Visual Studio Solution File, Format Version 12.00
# Visual Studio Version 16
VisualStudioVersion = 16.0.32802.440
MinimumVisualStudioVersion = 10.0.40219.1
Project("{FAE04EC0-301F-11D3-BF4B-00C04F79EFBC}") = "4. Text Filter", "4. Text Filter\4. Text Filter.csproj", "{F56F0D98-19CC-44C6-8991-9EAF39247359}"
EndProject
Global
	GlobalSection(SolutionConfigurationPlatforms) = preSolution
		Debug|Any CPU = Debug|Any CPU
		Release|Any CPU = Release|Any CPU
	EndGlobalSection
	GlobalSection(ProjectConfigurationPlatforms) = postSolution
		{F56F0D98-19CC-44C6-8991-9EAF39247359}.Debug|Any CPU.ActiveCfg = Debug|Any CPU
		{F56F0D98-19CC-44C6-8991-9EAF39247359}.Debug|Any CPU.Build.0 = Debug|Any CPU
		{F56F0D98-19CC-44C6-8991-9EAF39247359}.Release|Any CPU.ActiveCfg = Release|Any CPU
		{F56F0D98-19CC-44C6-8991-9EAF39247359}.Release|Any CPU.Build.0 = Release|Any CPU
	EndGlobalSection
	GlobalSection(SolutionProperties) = preSolution
		HideSolutionNode = FALSE
	EndGlobalSection
	GlobalSection(ExtensibilityGlobals) = postSolution
		SolutionGuid = {2D7C05A8-333C-4998-9551-9544A747FC16}
	EndGlobalSection
EndGlobal
