
Microsoft Visual Studio Solution File, Format Version 12.00
# Visual Studio Version 16
VisualStudioVersion = 16.0.32413.511
MinimumVisualStudioVersion = 10.0.40219.1
Project("{FAE04EC0-301F-11D3-BF4B-00C04F79EFBC}") = "1. Sum Adjacent Equal Numbers", "1. Sum Adjacent Equal Numbers\1. Sum Adjacent Equal Numbers.csproj", "{079C6C8F-C42C-4394-B4DE-DF1BFD2239A6}"
EndProject
Global
	GlobalSection(SolutionConfigurationPlatforms) = preSolution
		Debug|Any CPU = Debug|Any CPU
		Release|Any CPU = Release|Any CPU
	EndGlobalSection
	GlobalSection(ProjectConfigurationPlatforms) = postSolution
		{079C6C8F-C42C-4394-B4DE-DF1BFD2239A6}.Debug|Any CPU.ActiveCfg = Debug|Any CPU
		{079C6C8F-C42C-4394-B4DE-DF1BFD2239A6}.Debug|Any CPU.Build.0 = Debug|Any CPU
		{079C6C8F-C42C-4394-B4DE-DF1BFD2239A6}.Release|Any CPU.ActiveCfg = Release|Any CPU
		{079C6C8F-C42C-4394-B4DE-DF1BFD2239A6}.Release|Any CPU.Build.0 = Release|Any CPU
	EndGlobalSection
	GlobalSection(SolutionProperties) = preSolution
		HideSolutionNode = FALSE
	EndGlobalSection
	GlobalSection(ExtensibilityGlobals) = postSolution
		SolutionGuid = {5C6DA866-36CF-4F0F-AFB2-E742185CC91E}
	EndGlobalSection
EndGlobal
