
Microsoft Visual Studio Solution File, Format Version 12.00
# Visual Studio Version 16
VisualStudioVersion = 16.0.32802.440
MinimumVisualStudioVersion = 10.0.40219.1
Project("{FAE04EC0-301F-11D3-BF4B-00C04F79EFBC}") = "7. Order by Age", "7. Order by Age\7. Order by Age.csproj", "{303FBE7E-B291-45E2-96D3-9504F94B09AF}"
EndProject
Global
	GlobalSection(SolutionConfigurationPlatforms) = preSolution
		Debug|Any CPU = Debug|Any CPU
		Release|Any CPU = Release|Any CPU
	EndGlobalSection
	GlobalSection(ProjectConfigurationPlatforms) = postSolution
		{303FBE7E-B291-45E2-96D3-9504F94B09AF}.Debug|Any CPU.ActiveCfg = Debug|Any CPU
		{303FBE7E-B291-45E2-96D3-9504F94B09AF}.Debug|Any CPU.Build.0 = Debug|Any CPU
		{303FBE7E-B291-45E2-96D3-9504F94B09AF}.Release|Any CPU.ActiveCfg = Release|Any CPU
		{303FBE7E-B291-45E2-96D3-9504F94B09AF}.Release|Any CPU.Build.0 = Release|Any CPU
	EndGlobalSection
	GlobalSection(SolutionProperties) = preSolution
		HideSolutionNode = FALSE
	EndGlobalSection
	GlobalSection(ExtensibilityGlobals) = postSolution
		SolutionGuid = {1531D28C-3189-4E1E-AC9D-237F85DC8889}
	EndGlobalSection
EndGlobal
