
Microsoft Visual Studio Solution File, Format Version 12.00
# Visual Studio Version 16
VisualStudioVersion = 16.0.32802.440
MinimumVisualStudioVersion = 10.0.40219.1
Project("{FAE04EC0-301F-11D3-BF4B-00C04F79EFBC}") = "01. Hogwarts", "01. Hogwarts\01. Hogwarts.csproj", "{020E6B88-E792-4F0F-B0C7-EB684F209C33}"
EndProject
Global
	GlobalSection(SolutionConfigurationPlatforms) = preSolution
		Debug|Any CPU = Debug|Any CPU
		Release|Any CPU = Release|Any CPU
	EndGlobalSection
	GlobalSection(ProjectConfigurationPlatforms) = postSolution
		{020E6B88-E792-4F0F-B0C7-EB684F209C33}.Debug|Any CPU.ActiveCfg = Debug|Any CPU
		{020E6B88-E792-4F0F-B0C7-EB684F209C33}.Debug|Any CPU.Build.0 = Debug|Any CPU
		{020E6B88-E792-4F0F-B0C7-EB684F209C33}.Release|Any CPU.ActiveCfg = Release|Any CPU
		{020E6B88-E792-4F0F-B0C7-EB684F209C33}.Release|Any CPU.Build.0 = Release|Any CPU
	EndGlobalSection
	GlobalSection(SolutionProperties) = preSolution
		HideSolutionNode = FALSE
	EndGlobalSection
	GlobalSection(ExtensibilityGlobals) = postSolution
		SolutionGuid = {651F419C-BA4D-48BA-BA70-65571BD4E497}
	EndGlobalSection
EndGlobal
