
Microsoft Visual Studio Solution File, Format Version 12.00
# Visual Studio Version 16
VisualStudioVersion = 16.0.32413.511
MinimumVisualStudioVersion = 10.0.40219.1
Project("{FAE04EC0-301F-11D3-BF4B-00C04F79EFBC}") = "3. Zig-Zag Arrays", "3. Zig-Zag Arrays\3. Zig-Zag Arrays.csproj", "{A89013C0-FED5-4224-B448-D215AF8318A1}"
EndProject
Global
	GlobalSection(SolutionConfigurationPlatforms) = preSolution
		Debug|Any CPU = Debug|Any CPU
		Release|Any CPU = Release|Any CPU
	EndGlobalSection
	GlobalSection(ProjectConfigurationPlatforms) = postSolution
		{A89013C0-FED5-4224-B448-D215AF8318A1}.Debug|Any CPU.ActiveCfg = Debug|Any CPU
		{A89013C0-FED5-4224-B448-D215AF8318A1}.Debug|Any CPU.Build.0 = Debug|Any CPU
		{A89013C0-FED5-4224-B448-D215AF8318A1}.Release|Any CPU.ActiveCfg = Release|Any CPU
		{A89013C0-FED5-4224-B448-D215AF8318A1}.Release|Any CPU.Build.0 = Release|Any CPU
	EndGlobalSection
	GlobalSection(SolutionProperties) = preSolution
		HideSolutionNode = FALSE
	EndGlobalSection
	GlobalSection(ExtensibilityGlobals) = postSolution
		SolutionGuid = {3FC6D818-C2FD-465A-A82A-3F7068E70C93}
	EndGlobalSection
EndGlobal
