
Microsoft Visual Studio Solution File, Format Version 12.00
# Visual Studio Version 16
VisualStudioVersion = 16.0.32413.511
MinimumVisualStudioVersion = 10.0.40219.1
Project("{FAE04EC0-301F-11D3-BF4B-00C04F79EFBC}") = "3. Merging Lists", "3. Merging Lists\3. Merging Lists.csproj", "{4988373B-0ECF-414D-B252-04ED95F20501}"
EndProject
Global
	GlobalSection(SolutionConfigurationPlatforms) = preSolution
		Debug|Any CPU = Debug|Any CPU
		Release|Any CPU = Release|Any CPU
	EndGlobalSection
	GlobalSection(ProjectConfigurationPlatforms) = postSolution
		{4988373B-0ECF-414D-B252-04ED95F20501}.Debug|Any CPU.ActiveCfg = Debug|Any CPU
		{4988373B-0ECF-414D-B252-04ED95F20501}.Debug|Any CPU.Build.0 = Debug|Any CPU
		{4988373B-0ECF-414D-B252-04ED95F20501}.Release|Any CPU.ActiveCfg = Release|Any CPU
		{4988373B-0ECF-414D-B252-04ED95F20501}.Release|Any CPU.Build.0 = Release|Any CPU
	EndGlobalSection
	GlobalSection(SolutionProperties) = preSolution
		HideSolutionNode = FALSE
	EndGlobalSection
	GlobalSection(ExtensibilityGlobals) = postSolution
		SolutionGuid = {2B208696-4601-42E7-A5D7-993E1F91C5FC}
	EndGlobalSection
EndGlobal
