
Microsoft Visual Studio Solution File, Format Version 12.00
# Visual Studio Version 16
VisualStudioVersion = 16.0.32802.440
MinimumVisualStudioVersion = 10.0.40219.1
Project("{FAE04EC0-301F-11D3-BF4B-00C04F79EFBC}") = "1. Advertisement Message", "1. Advertisement Message\1. Advertisement Message.csproj", "{0F18B91B-890C-435D-93A7-E5531A464F6C}"
EndProject
Global
	GlobalSection(SolutionConfigurationPlatforms) = preSolution
		Debug|Any CPU = Debug|Any CPU
		Release|Any CPU = Release|Any CPU
	EndGlobalSection
	GlobalSection(ProjectConfigurationPlatforms) = postSolution
		{0F18B91B-890C-435D-93A7-E5531A464F6C}.Debug|Any CPU.ActiveCfg = Debug|Any CPU
		{0F18B91B-890C-435D-93A7-E5531A464F6C}.Debug|Any CPU.Build.0 = Debug|Any CPU
		{0F18B91B-890C-435D-93A7-E5531A464F6C}.Release|Any CPU.ActiveCfg = Release|Any CPU
		{0F18B91B-890C-435D-93A7-E5531A464F6C}.Release|Any CPU.Build.0 = Release|Any CPU
	EndGlobalSection
	GlobalSection(SolutionProperties) = preSolution
		HideSolutionNode = FALSE
	EndGlobalSection
	GlobalSection(ExtensibilityGlobals) = postSolution
		SolutionGuid = {543013E6-AC57-4878-9A70-472B00DCB5B5}
	EndGlobalSection
EndGlobal
