
Microsoft Visual Studio Solution File, Format Version 12.00
# Visual Studio Version 16
VisualStudioVersion = 16.0.32413.511
MinimumVisualStudioVersion = 10.0.40219.1
Project("{FAE04EC0-301F-11D3-BF4B-00C04F79EFBC}") = "7. Equal Arrays", "7. Equal Arrays\7. Equal Arrays.csproj", "{616DEDB5-1223-42D9-81B3-3E5FA6B2689A}"
EndProject
Global
	GlobalSection(SolutionConfigurationPlatforms) = preSolution
		Debug|Any CPU = Debug|Any CPU
		Release|Any CPU = Release|Any CPU
	EndGlobalSection
	GlobalSection(ProjectConfigurationPlatforms) = postSolution
		{616DEDB5-1223-42D9-81B3-3E5FA6B2689A}.Debug|Any CPU.ActiveCfg = Debug|Any CPU
		{616DEDB5-1223-42D9-81B3-3E5FA6B2689A}.Debug|Any CPU.Build.0 = Debug|Any CPU
		{616DEDB5-1223-42D9-81B3-3E5FA6B2689A}.Release|Any CPU.ActiveCfg = Release|Any CPU
		{616DEDB5-1223-42D9-81B3-3E5FA6B2689A}.Release|Any CPU.Build.0 = Release|Any CPU
	EndGlobalSection
	GlobalSection(SolutionProperties) = preSolution
		HideSolutionNode = FALSE
	EndGlobalSection
	GlobalSection(ExtensibilityGlobals) = postSolution
		SolutionGuid = {42FB337F-FF32-458F-A20F-88B25BE0D447}
	EndGlobalSection
EndGlobal
