
Microsoft Visual Studio Solution File, Format Version 12.00
# Visual Studio Version 16
VisualStudioVersion = 16.0.32802.440
MinimumVisualStudioVersion = 10.0.40219.1
Project("{FAE04EC0-301F-11D3-BF4B-00C04F79EFBC}") = "5. Top Integers", "5. Top Integers\5. Top Integers.csproj", "{48240DB2-BA1B-4413-96D7-FE4EF3A3FF6E}"
EndProject
Global
	GlobalSection(SolutionConfigurationPlatforms) = preSolution
		Debug|Any CPU = Debug|Any CPU
		Release|Any CPU = Release|Any CPU
	EndGlobalSection
	GlobalSection(ProjectConfigurationPlatforms) = postSolution
		{48240DB2-BA1B-4413-96D7-FE4EF3A3FF6E}.Debug|Any CPU.ActiveCfg = Debug|Any CPU
		{48240DB2-BA1B-4413-96D7-FE4EF3A3FF6E}.Debug|Any CPU.Build.0 = Debug|Any CPU
		{48240DB2-BA1B-4413-96D7-FE4EF3A3FF6E}.Release|Any CPU.ActiveCfg = Release|Any CPU
		{48240DB2-BA1B-4413-96D7-FE4EF3A3FF6E}.Release|Any CPU.Build.0 = Release|Any CPU
	EndGlobalSection
	GlobalSection(SolutionProperties) = preSolution
		HideSolutionNode = FALSE
	EndGlobalSection
	GlobalSection(ExtensibilityGlobals) = postSolution
		SolutionGuid = {C1DC8B28-E360-4BD6-AE03-2260C97EE0D1}
	EndGlobalSection
EndGlobal
