
Microsoft Visual Studio Solution File, Format Version 12.00
# Visual Studio Version 16
VisualStudioVersion = 16.0.32413.511
MinimumVisualStudioVersion = 10.0.40219.1
Project("{FAE04EC0-301F-11D3-BF4B-00C04F79EFBC}") = "8. Factorial Division", "8. Factorial Division\8. Factorial Division.csproj", "{DF9D7145-9F66-4F51-AE94-957C80671EBE}"
EndProject
Global
	GlobalSection(SolutionConfigurationPlatforms) = preSolution
		Debug|Any CPU = Debug|Any CPU
		Release|Any CPU = Release|Any CPU
	EndGlobalSection
	GlobalSection(ProjectConfigurationPlatforms) = postSolution
		{DF9D7145-9F66-4F51-AE94-957C80671EBE}.Debug|Any CPU.ActiveCfg = Debug|Any CPU
		{DF9D7145-9F66-4F51-AE94-957C80671EBE}.Debug|Any CPU.Build.0 = Debug|Any CPU
		{DF9D7145-9F66-4F51-AE94-957C80671EBE}.Release|Any CPU.ActiveCfg = Release|Any CPU
		{DF9D7145-9F66-4F51-AE94-957C80671EBE}.Release|Any CPU.Build.0 = Release|Any CPU
	EndGlobalSection
	GlobalSection(SolutionProperties) = preSolution
		HideSolutionNode = FALSE
	EndGlobalSection
	GlobalSection(ExtensibilityGlobals) = postSolution
		SolutionGuid = {CD968DB1-57F4-46AC-A765-8AEE13C77620}
	EndGlobalSection
EndGlobal
