
Microsoft Visual Studio Solution File, Format Version 12.00
# Visual Studio Version 16
VisualStudioVersion = 16.0.32413.511
MinimumVisualStudioVersion = 10.0.40219.1
Project("{FAE04EC0-301F-11D3-BF4B-00C04F79EFBC}") = "4. List Operations", "4. List Operations\4. List Operations.csproj", "{95337136-DEED-4017-85E2-11631E4E2446}"
EndProject
Global
	GlobalSection(SolutionConfigurationPlatforms) = preSolution
		Debug|Any CPU = Debug|Any CPU
		Release|Any CPU = Release|Any CPU
	EndGlobalSection
	GlobalSection(ProjectConfigurationPlatforms) = postSolution
		{95337136-DEED-4017-85E2-11631E4E2446}.Debug|Any CPU.ActiveCfg = Debug|Any CPU
		{95337136-DEED-4017-85E2-11631E4E2446}.Debug|Any CPU.Build.0 = Debug|Any CPU
		{95337136-DEED-4017-85E2-11631E4E2446}.Release|Any CPU.ActiveCfg = Release|Any CPU
		{95337136-DEED-4017-85E2-11631E4E2446}.Release|Any CPU.Build.0 = Release|Any CPU
	EndGlobalSection
	GlobalSection(SolutionProperties) = preSolution
		HideSolutionNode = FALSE
	EndGlobalSection
	GlobalSection(ExtensibilityGlobals) = postSolution
		SolutionGuid = {A9D8C445-558C-49AD-B0F1-F78C7AE7B699}
	EndGlobalSection
EndGlobal
