
Microsoft Visual Studio Solution File, Format Version 12.00
# Visual Studio Version 16
VisualStudioVersion = 16.0.32802.440
MinimumVisualStudioVersion = 10.0.40219.1
Project("{FAE04EC0-301F-11D3-BF4B-00C04F79EFBC}") = "Problem 1 - World Tour", "Problem 1 - World Tour\Problem 1 - World Tour.csproj", "{794E8F77-78A4-4776-BA12-A5498719E8B6}"
EndProject
Global
	GlobalSection(SolutionConfigurationPlatforms) = preSolution
		Debug|Any CPU = Debug|Any CPU
		Release|Any CPU = Release|Any CPU
	EndGlobalSection
	GlobalSection(ProjectConfigurationPlatforms) = postSolution
		{794E8F77-78A4-4776-BA12-A5498719E8B6}.Debug|Any CPU.ActiveCfg = Debug|Any CPU
		{794E8F77-78A4-4776-BA12-A5498719E8B6}.Debug|Any CPU.Build.0 = Debug|Any CPU
		{794E8F77-78A4-4776-BA12-A5498719E8B6}.Release|Any CPU.ActiveCfg = Release|Any CPU
		{794E8F77-78A4-4776-BA12-A5498719E8B6}.Release|Any CPU.Build.0 = Release|Any CPU
	EndGlobalSection
	GlobalSection(SolutionProperties) = preSolution
		HideSolutionNode = FALSE
	EndGlobalSection
	GlobalSection(ExtensibilityGlobals) = postSolution
		SolutionGuid = {B824FDD1-93F3-41EA-A6C8-10BEEBB5F4D0}
	EndGlobalSection
EndGlobal
