
Microsoft Visual Studio Solution File, Format Version 12.00
# Visual Studio Version 16
VisualStudioVersion = 16.0.32413.511
MinimumVisualStudioVersion = 10.0.40219.1
Project("{FAE04EC0-301F-11D3-BF4B-00C04F79EFBC}") = "5. Bomb Numbers", "5. Bomb Numbers\5. Bomb Numbers.csproj", "{ECFE3F32-8AA4-4467-92FA-83511DB7C25A}"
EndProject
Global
	GlobalSection(SolutionConfigurationPlatforms) = preSolution
		Debug|Any CPU = Debug|Any CPU
		Release|Any CPU = Release|Any CPU
	EndGlobalSection
	GlobalSection(ProjectConfigurationPlatforms) = postSolution
		{ECFE3F32-8AA4-4467-92FA-83511DB7C25A}.Debug|Any CPU.ActiveCfg = Debug|Any CPU
		{ECFE3F32-8AA4-4467-92FA-83511DB7C25A}.Debug|Any CPU.Build.0 = Debug|Any CPU
		{ECFE3F32-8AA4-4467-92FA-83511DB7C25A}.Release|Any CPU.ActiveCfg = Release|Any CPU
		{ECFE3F32-8AA4-4467-92FA-83511DB7C25A}.Release|Any CPU.Build.0 = Release|Any CPU
	EndGlobalSection
	GlobalSection(SolutionProperties) = preSolution
		HideSolutionNode = FALSE
	EndGlobalSection
	GlobalSection(ExtensibilityGlobals) = postSolution
		SolutionGuid = {BF7C4335-E4EC-4910-A004-2DC4988949DA}
	EndGlobalSection
EndGlobal
