
Microsoft Visual Studio Solution File, Format Version 12.00
# Visual Studio Version 16
VisualStudioVersion = 16.0.32413.511
MinimumVisualStudioVersion = 10.0.40219.1
Project("{FAE04EC0-301F-11D3-BF4B-00C04F79EFBC}") = "8. Condense Array to Number", "8. Condense Array to Number\8. Condense Array to Number.csproj", "{17792580-0BB0-4AF4-9A46-06EB5ABF65E7}"
EndProject
Global
	GlobalSection(SolutionConfigurationPlatforms) = preSolution
		Debug|Any CPU = Debug|Any CPU
		Release|Any CPU = Release|Any CPU
	EndGlobalSection
	GlobalSection(ProjectConfigurationPlatforms) = postSolution
		{17792580-0BB0-4AF4-9A46-06EB5ABF65E7}.Debug|Any CPU.ActiveCfg = Debug|Any CPU
		{17792580-0BB0-4AF4-9A46-06EB5ABF65E7}.Debug|Any CPU.Build.0 = Debug|Any CPU
		{17792580-0BB0-4AF4-9A46-06EB5ABF65E7}.Release|Any CPU.ActiveCfg = Release|Any CPU
		{17792580-0BB0-4AF4-9A46-06EB5ABF65E7}.Release|Any CPU.Build.0 = Release|Any CPU
	EndGlobalSection
	GlobalSection(SolutionProperties) = preSolution
		HideSolutionNode = FALSE
	EndGlobalSection
	GlobalSection(ExtensibilityGlobals) = postSolution
		SolutionGuid = {7D3FAE2A-FE09-4C35-9071-05BED7FEA4C0}
	EndGlobalSection
EndGlobal
