
Microsoft Visual Studio Solution File, Format Version 12.00
# Visual Studio Version 16
VisualStudioVersion = 16.0.32802.440
MinimumVisualStudioVersion = 10.0.40219.1
Project("{FAE04EC0-301F-11D3-BF4B-00C04F79EFBC}") = "2. Vowels Count", "2. Vowels Count\2. Vowels Count.csproj", "{55314199-81AC-46BC-8654-6B1DA1666A2C}"
EndProject
Global
	GlobalSection(SolutionConfigurationPlatforms) = preSolution
		Debug|Any CPU = Debug|Any CPU
		Release|Any CPU = Release|Any CPU
	EndGlobalSection
	GlobalSection(ProjectConfigurationPlatforms) = postSolution
		{55314199-81AC-46BC-8654-6B1DA1666A2C}.Debug|Any CPU.ActiveCfg = Debug|Any CPU
		{55314199-81AC-46BC-8654-6B1DA1666A2C}.Debug|Any CPU.Build.0 = Debug|Any CPU
		{55314199-81AC-46BC-8654-6B1DA1666A2C}.Release|Any CPU.ActiveCfg = Release|Any CPU
		{55314199-81AC-46BC-8654-6B1DA1666A2C}.Release|Any CPU.Build.0 = Release|Any CPU
	EndGlobalSection
	GlobalSection(SolutionProperties) = preSolution
		HideSolutionNode = FALSE
	EndGlobalSection
	GlobalSection(ExtensibilityGlobals) = postSolution
		SolutionGuid = {CB4141E4-72FD-464C-8B63-2CABEFE23C4C}
	EndGlobalSection
EndGlobal
