
Microsoft Visual Studio Solution File, Format Version 12.00
# Visual Studio Version 16
VisualStudioVersion = 16.0.32413.511
MinimumVisualStudioVersion = 10.0.40219.1
Project("{FAE04EC0-301F-11D3-BF4B-00C04F79EFBC}") = "Problem 2 - Ad Astra", "Problem 2 - Ad Astra\Problem 2 - Ad Astra.csproj", "{4780243D-BA67-460D-AD4F-891F677EC87B}"
EndProject
Global
	GlobalSection(SolutionConfigurationPlatforms) = preSolution
		Debug|Any CPU = Debug|Any CPU
		Release|Any CPU = Release|Any CPU
	EndGlobalSection
	GlobalSection(ProjectConfigurationPlatforms) = postSolution
		{4780243D-BA67-460D-AD4F-891F677EC87B}.Debug|Any CPU.ActiveCfg = Debug|Any CPU
		{4780243D-BA67-460D-AD4F-891F677EC87B}.Debug|Any CPU.Build.0 = Debug|Any CPU
		{4780243D-BA67-460D-AD4F-891F677EC87B}.Release|Any CPU.ActiveCfg = Release|Any CPU
		{4780243D-BA67-460D-AD4F-891F677EC87B}.Release|Any CPU.Build.0 = Release|Any CPU
	EndGlobalSection
	GlobalSection(SolutionProperties) = preSolution
		HideSolutionNode = FALSE
	EndGlobalSection
	GlobalSection(ExtensibilityGlobals) = postSolution
		SolutionGuid = {7909E409-E6A4-4464-A592-0CE55755A076}
	EndGlobalSection
EndGlobal
