
Microsoft Visual Studio Solution File, Format Version 12.00
# Visual Studio Version 16
VisualStudioVersion = 16.0.32802.440
MinimumVisualStudioVersion = 10.0.40219.1
Project("{FAE04EC0-301F-11D3-BF4B-00C04F79EFBC}") = "Problem 3 - Plant Discovery", "Problem 3 - Plant Discovery\Problem 3 - Plant Discovery.csproj", "{C860D2E0-1484-4C86-B85A-9C79750908F8}"
EndProject
Global
	GlobalSection(SolutionConfigurationPlatforms) = preSolution
		Debug|Any CPU = Debug|Any CPU
		Release|Any CPU = Release|Any CPU
	EndGlobalSection
	GlobalSection(ProjectConfigurationPlatforms) = postSolution
		{C860D2E0-1484-4C86-B85A-9C79750908F8}.Debug|Any CPU.ActiveCfg = Debug|Any CPU
		{C860D2E0-1484-4C86-B85A-9C79750908F8}.Debug|Any CPU.Build.0 = Debug|Any CPU
		{C860D2E0-1484-4C86-B85A-9C79750908F8}.Release|Any CPU.ActiveCfg = Release|Any CPU
		{C860D2E0-1484-4C86-B85A-9C79750908F8}.Release|Any CPU.Build.0 = Release|Any CPU
	EndGlobalSection
	GlobalSection(SolutionProperties) = preSolution
		HideSolutionNode = FALSE
	EndGlobalSection
	GlobalSection(ExtensibilityGlobals) = postSolution
		SolutionGuid = {44F198D8-A9E9-4BDE-B202-E03BCCCC61CF}
	EndGlobalSection
EndGlobal
