
Microsoft Visual Studio Solution File, Format Version 12.00
# Visual Studio Version 16
VisualStudioVersion = 16.0.32413.511
MinimumVisualStudioVersion = 10.0.40219.1
Project("{FAE04EC0-301F-11D3-BF4B-00C04F79EFBC}") = "8. Magic Sum", "8. Magic Sum\8. Magic Sum.csproj", "{96247EEB-BBBA-4F49-B318-06DDDC0B88A8}"
EndProject
Global
	GlobalSection(SolutionConfigurationPlatforms) = preSolution
		Debug|Any CPU = Debug|Any CPU
		Release|Any CPU = Release|Any CPU
	EndGlobalSection
	GlobalSection(ProjectConfigurationPlatforms) = postSolution
		{96247EEB-BBBA-4F49-B318-06DDDC0B88A8}.Debug|Any CPU.ActiveCfg = Debug|Any CPU
		{96247EEB-BBBA-4F49-B318-06DDDC0B88A8}.Debug|Any CPU.Build.0 = Debug|Any CPU
		{96247EEB-BBBA-4F49-B318-06DDDC0B88A8}.Release|Any CPU.ActiveCfg = Release|Any CPU
		{96247EEB-BBBA-4F49-B318-06DDDC0B88A8}.Release|Any CPU.Build.0 = Release|Any CPU
	EndGlobalSection
	GlobalSection(SolutionProperties) = preSolution
		HideSolutionNode = FALSE
	EndGlobalSection
	GlobalSection(ExtensibilityGlobals) = postSolution
		SolutionGuid = {B843D32A-DF90-4702-A101-BE5ECD98A4B2}
	EndGlobalSection
EndGlobal
