
Microsoft Visual Studio Solution File, Format Version 12.00
# Visual Studio Version 16
VisualStudioVersion = 16.0.32413.511
MinimumVisualStudioVersion = 10.0.40219.1
Project("{FAE04EC0-301F-11D3-BF4B-00C04F79EFBC}") = "5. Add and Subtract", "5. Add and Subtract\5. Add and Subtract.csproj", "{265D510F-1696-48DF-B4FF-499235BF2CF9}"
EndProject
Global
	GlobalSection(SolutionConfigurationPlatforms) = preSolution
		Debug|Any CPU = Debug|Any CPU
		Release|Any CPU = Release|Any CPU
	EndGlobalSection
	GlobalSection(ProjectConfigurationPlatforms) = postSolution
		{265D510F-1696-48DF-B4FF-499235BF2CF9}.Debug|Any CPU.ActiveCfg = Debug|Any CPU
		{265D510F-1696-48DF-B4FF-499235BF2CF9}.Debug|Any CPU.Build.0 = Debug|Any CPU
		{265D510F-1696-48DF-B4FF-499235BF2CF9}.Release|Any CPU.ActiveCfg = Release|Any CPU
		{265D510F-1696-48DF-B4FF-499235BF2CF9}.Release|Any CPU.Build.0 = Release|Any CPU
	EndGlobalSection
	GlobalSection(SolutionProperties) = preSolution
		HideSolutionNode = FALSE
	EndGlobalSection
	GlobalSection(ExtensibilityGlobals) = postSolution
		SolutionGuid = {0295381C-E062-4BE3-9727-2B8C55C752AE}
	EndGlobalSection
EndGlobal
