
Microsoft Visual Studio Solution File, Format Version 12.00
# Visual Studio Version 16
VisualStudioVersion = 16.0.32802.440
MinimumVisualStudioVersion = 10.0.40219.1
Project("{FAE04EC0-301F-11D3-BF4B-00C04F79EFBC}") = "2. Grades", "2. Grades\2. Grades.csproj", "{739E7E87-F795-4ECF-81C1-5D0F58AC5C73}"
EndProject
Global
	GlobalSection(SolutionConfigurationPlatforms) = preSolution
		Debug|Any CPU = Debug|Any CPU
		Release|Any CPU = Release|Any CPU
	EndGlobalSection
	GlobalSection(ProjectConfigurationPlatforms) = postSolution
		{739E7E87-F795-4ECF-81C1-5D0F58AC5C73}.Debug|Any CPU.ActiveCfg = Debug|Any CPU
		{739E7E87-F795-4ECF-81C1-5D0F58AC5C73}.Debug|Any CPU.Build.0 = Debug|Any CPU
		{739E7E87-F795-4ECF-81C1-5D0F58AC5C73}.Release|Any CPU.ActiveCfg = Release|Any CPU
		{739E7E87-F795-4ECF-81C1-5D0F58AC5C73}.Release|Any CPU.Build.0 = Release|Any CPU
	EndGlobalSection
	GlobalSection(SolutionProperties) = preSolution
		HideSolutionNode = FALSE
	EndGlobalSection
	GlobalSection(ExtensibilityGlobals) = postSolution
		SolutionGuid = {35CBFA79-BFD4-4CD9-AD69-E7ADA3AEF312}
	EndGlobalSection
EndGlobal
