
Microsoft Visual Studio Solution File, Format Version 12.00
# Visual Studio Version 16
VisualStudioVersion = 16.0.32802.440
MinimumVisualStudioVersion = 10.0.40219.1
Project("{FAE04EC0-301F-11D3-BF4B-00C04F79EFBC}") = "7. Company Users", "7. Company Users\7. Company Users.csproj", "{9F716CD5-354E-4413-A855-3DCFA6960EDE}"
EndProject
Global
	GlobalSection(SolutionConfigurationPlatforms) = preSolution
		Debug|Any CPU = Debug|Any CPU
		Release|Any CPU = Release|Any CPU
	EndGlobalSection
	GlobalSection(ProjectConfigurationPlatforms) = postSolution
		{9F716CD5-354E-4413-A855-3DCFA6960EDE}.Debug|Any CPU.ActiveCfg = Debug|Any CPU
		{9F716CD5-354E-4413-A855-3DCFA6960EDE}.Debug|Any CPU.Build.0 = Debug|Any CPU
		{9F716CD5-354E-4413-A855-3DCFA6960EDE}.Release|Any CPU.ActiveCfg = Release|Any CPU
		{9F716CD5-354E-4413-A855-3DCFA6960EDE}.Release|Any CPU.Build.0 = Release|Any CPU
	EndGlobalSection
	GlobalSection(SolutionProperties) = preSolution
		HideSolutionNode = FALSE
	EndGlobalSection
	GlobalSection(ExtensibilityGlobals) = postSolution
		SolutionGuid = {F1EC8457-C6F2-40AA-90A3-345B70BC95D6}
	EndGlobalSection
EndGlobal
